
Microsoft Visual Studio Solution File, Format Version 12.00
# Visual Studio 15
VisualStudioVersion = 15.0.27703.2035
MinimumVisualStudioVersion = 10.0.40219.1
Project("{9A19103F-16F7-4668-BE54-9A1E7A4F7556}") = "Intech.PrevSystem.Sabesprev.Api", "Intech.PrevSystem.Sabesprev.Api\Intech.PrevSystem.Sabesprev.Api.csproj", "{EF5BFA0B-E752-4331-B265-E35F739C55AC}"
EndProject
Project("{2150E333-8FDC-42A3-9474-1A3956D46DE8}") = "Plataforma", "Plataforma", "{AD45D555-9437-4244-8151-C538CBCEAE25}"
EndProject
Project("{D954291E-2A0B-460D-934E-DC6B0785DB48}") = "Intech.PrevSystem.API", "..\Intech.PrevSystem.API\Intech.PrevSystem.API.shproj", "{11D947CE-05E2-41DB-8687-640404E96EF0}"
EndProject
Project("{D954291E-2A0B-460D-934E-DC6B0785DB48}") = "Intech.PrevSystem.Dados", "..\Intech.PrevSystem.Dados\Intech.PrevSystem.Dados.shproj", "{549415E4-D6A6-42B0-92B2-B30F6B2700F3}"
EndProject
Project("{D954291E-2A0B-460D-934E-DC6B0785DB48}") = "Intech.PrevSystem.Negocio", "..\Intech.PrevSystem.Negocio\Intech.PrevSystem.Negocio.shproj", "{A88CF162-E0EC-4213-9964-543ECA2BEE87}"
EndProject
Project("{9A19103F-16F7-4668-BE54-9A1E7A4F7556}") = "Intech.PrevSystem.Entidades", "..\Intech.PrevSystem.Entidades\Intech.PrevSystem.Entidades.csproj", "{45A8A0DB-029A-4125-A190-C8C93DDD9CF4}"
EndProject
Project("{2150E333-8FDC-42A3-9474-1A3956D46DE8}") = "Lib", "Lib", "{7BD8590C-E143-40EC-8A72-C2AEAA846612}"
EndProject
Project("{9A19103F-16F7-4668-BE54-9A1E7A4F7556}") = "Intech.Lib.SMS", "..\..\Intech.Lib\Intech.Lib.SMS\Intech.Lib.SMS.csproj", "{62F24CB8-8D6F-4C8F-AE91-B09ABC330F67}"
EndProject
Project("{D954291E-2A0B-460D-934E-DC6B0785DB48}") = "Intech.Lib.Relatorios", "..\..\lib\dotnet-lib\Intech.Lib.Relatorios\Intech.Lib.Relatorios.shproj", "{067F6A75-7DD8-48F9-9C4C-1A34B928A124}"
EndProject
Project("{9A19103F-16F7-4668-BE54-9A1E7A4F7556}") = "Intech.PrevSystem.Negocio.Sabesprev", "Intech.PrevSystem.Negocio.Sabesprev\Intech.PrevSystem.Negocio.Sabesprev.csproj", "{F6C24A79-5C95-4351-8F8D-8B954845DB64}"
EndProject
Project("{9A19103F-16F7-4668-BE54-9A1E7A4F7556}") = "Intech.Lib.Util", "..\..\Intech.Lib\Intech.Lib.Util\Intech.Lib.Util.csproj", "{E6599279-D677-4F65-A050-A4959F7EA63A}"
EndProject
Project("{9A19103F-16F7-4668-BE54-9A1E7A4F7556}") = "Intech.Lib.Web", "..\..\Intech.Lib\Intech.Lib.Web\Intech.Lib.Web.csproj", "{06E1EEB3-20EC-44F2-BC2A-6A27EEC84846}"
EndProject
Project("{9A19103F-16F7-4668-BE54-9A1E7A4F7556}") = "Intech.Lib.Dapper", "..\..\Intech.Lib\Intech.Lib.Dapper\Intech.Lib.Dapper.csproj", "{EDDEB155-45CB-4E3A-A57C-558135CD8841}"
EndProject
Project("{9A19103F-16F7-4668-BE54-9A1E7A4F7556}") = "Intech.Lib.Email", "..\..\Intech.Lib\Intech.Lib.Email\Intech.Lib.Email.csproj", "{22DF6CED-5A0B-4BA2-B2B0-AF1494E9290A}"
EndProject
Project("{9A19103F-16F7-4668-BE54-9A1E7A4F7556}") = "Intech.Lib.JWT", "..\..\Intech.Lib\Intech.Lib.JWT\Intech.Lib.JWT.csproj", "{FA2E2820-15BD-430B-836F-7018FD904CFB}"
EndProject
Global
	GlobalSection(SharedMSBuildProjectFiles) = preSolution
		..\..\lib\dotnet-lib\Intech.Lib.Relatorios\Intech.Lib.Relatorios.projitems*{067f6a75-7dd8-48f9-9c4c-1a34b928a124}*SharedItemsImports = 13
		..\Intech.PrevSystem.API\Intech.PrevSystem.API.projitems*{11d947ce-05e2-41db-8687-640404e96ef0}*SharedItemsImports = 13
		..\Intech.PrevSystem.Dados\Intech.PrevSystem.Dados.projitems*{549415e4-d6a6-42b0-92b2-b30f6b2700f3}*SharedItemsImports = 13
		..\Intech.PrevSystem.Negocio\Intech.PrevSystem.Negocio.projitems*{a88cf162-e0ec-4213-9964-543eca2bee87}*SharedItemsImports = 13
	EndGlobalSection
	GlobalSection(SolutionConfigurationPlatforms) = preSolution
		Debug|Any CPU = Debug|Any CPU
		Debug|x64 = Debug|x64
		Debug|x86 = Debug|x86
		Release|Any CPU = Release|Any CPU
		Release|x64 = Release|x64
		Release|x86 = Release|x86
	EndGlobalSection
	GlobalSection(ProjectConfigurationPlatforms) = postSolution
		{EF5BFA0B-E752-4331-B265-E35F739C55AC}.Debug|Any CPU.ActiveCfg = Debug|Any CPU
		{EF5BFA0B-E752-4331-B265-E35F739C55AC}.Debug|Any CPU.Build.0 = Debug|Any CPU
		{EF5BFA0B-E752-4331-B265-E35F739C55AC}.Debug|x64.ActiveCfg = Debug|Any CPU
		{EF5BFA0B-E752-4331-B265-E35F739C55AC}.Debug|x64.Build.0 = Debug|Any CPU
		{EF5BFA0B-E752-4331-B265-E35F739C55AC}.Debug|x86.ActiveCfg = Debug|Any CPU
		{EF5BFA0B-E752-4331-B265-E35F739C55AC}.Debug|x86.Build.0 = Debug|Any CPU
		{EF5BFA0B-E752-4331-B265-E35F739C55AC}.Release|Any CPU.ActiveCfg = Release|Any CPU
		{EF5BFA0B-E752-4331-B265-E35F739C55AC}.Release|Any CPU.Build.0 = Release|Any CPU
		{EF5BFA0B-E752-4331-B265-E35F739C55AC}.Release|x64.ActiveCfg = Release|Any CPU
		{EF5BFA0B-E752-4331-B265-E35F739C55AC}.Release|x64.Build.0 = Release|Any CPU
		{EF5BFA0B-E752-4331-B265-E35F739C55AC}.Release|x86.ActiveCfg = Release|Any CPU
		{EF5BFA0B-E752-4331-B265-E35F739C55AC}.Release|x86.Build.0 = Release|Any CPU
		{45A8A0DB-029A-4125-A190-C8C93DDD9CF4}.Debug|Any CPU.ActiveCfg = Debug|Any CPU
		{45A8A0DB-029A-4125-A190-C8C93DDD9CF4}.Debug|Any CPU.Build.0 = Debug|Any CPU
		{45A8A0DB-029A-4125-A190-C8C93DDD9CF4}.Debug|x64.ActiveCfg = Debug|Any CPU
		{45A8A0DB-029A-4125-A190-C8C93DDD9CF4}.Debug|x64.Build.0 = Debug|Any CPU
		{45A8A0DB-029A-4125-A190-C8C93DDD9CF4}.Debug|x86.ActiveCfg = Debug|Any CPU
		{45A8A0DB-029A-4125-A190-C8C93DDD9CF4}.Debug|x86.Build.0 = Debug|Any CPU
		{45A8A0DB-029A-4125-A190-C8C93DDD9CF4}.Release|Any CPU.ActiveCfg = Release|Any CPU
		{45A8A0DB-029A-4125-A190-C8C93DDD9CF4}.Release|Any CPU.Build.0 = Release|Any CPU
		{45A8A0DB-029A-4125-A190-C8C93DDD9CF4}.Release|x64.ActiveCfg = Release|Any CPU
		{45A8A0DB-029A-4125-A190-C8C93DDD9CF4}.Release|x64.Build.0 = Release|Any CPU
		{45A8A0DB-029A-4125-A190-C8C93DDD9CF4}.Release|x86.ActiveCfg = Release|Any CPU
		{45A8A0DB-029A-4125-A190-C8C93DDD9CF4}.Release|x86.Build.0 = Release|Any CPU
		{62F24CB8-8D6F-4C8F-AE91-B09ABC330F67}.Debug|Any CPU.ActiveCfg = Debug|Any CPU
		{62F24CB8-8D6F-4C8F-AE91-B09ABC330F67}.Debug|Any CPU.Build.0 = Debug|Any CPU
		{62F24CB8-8D6F-4C8F-AE91-B09ABC330F67}.Debug|x64.ActiveCfg = Debug|Any CPU
		{62F24CB8-8D6F-4C8F-AE91-B09ABC330F67}.Debug|x64.Build.0 = Debug|Any CPU
		{62F24CB8-8D6F-4C8F-AE91-B09ABC330F67}.Debug|x86.ActiveCfg = Debug|Any CPU
		{62F24CB8-8D6F-4C8F-AE91-B09ABC330F67}.Debug|x86.Build.0 = Debug|Any CPU
		{62F24CB8-8D6F-4C8F-AE91-B09ABC330F67}.Release|Any CPU.ActiveCfg = Release|Any CPU
		{62F24CB8-8D6F-4C8F-AE91-B09ABC330F67}.Release|Any CPU.Build.0 = Release|Any CPU
		{62F24CB8-8D6F-4C8F-AE91-B09ABC330F67}.Release|x64.ActiveCfg = Release|Any CPU
		{62F24CB8-8D6F-4C8F-AE91-B09ABC330F67}.Release|x64.Build.0 = Release|Any CPU
		{62F24CB8-8D6F-4C8F-AE91-B09ABC330F67}.Release|x86.ActiveCfg = Release|Any CPU
		{62F24CB8-8D6F-4C8F-AE91-B09ABC330F67}.Release|x86.Build.0 = Release|Any CPU
		{F6C24A79-5C95-4351-8F8D-8B954845DB64}.Debug|Any CPU.ActiveCfg = Debug|Any CPU
		{F6C24A79-5C95-4351-8F8D-8B954845DB64}.Debug|Any CPU.Build.0 = Debug|Any CPU
		{F6C24A79-5C95-4351-8F8D-8B954845DB64}.Debug|x64.ActiveCfg = Debug|Any CPU
		{F6C24A79-5C95-4351-8F8D-8B954845DB64}.Debug|x64.Build.0 = Debug|Any CPU
		{F6C24A79-5C95-4351-8F8D-8B954845DB64}.Debug|x86.ActiveCfg = Debug|Any CPU
		{F6C24A79-5C95-4351-8F8D-8B954845DB64}.Debug|x86.Build.0 = Debug|Any CPU
		{F6C24A79-5C95-4351-8F8D-8B954845DB64}.Release|Any CPU.ActiveCfg = Release|Any CPU
		{F6C24A79-5C95-4351-8F8D-8B954845DB64}.Release|Any CPU.Build.0 = Release|Any CPU
		{F6C24A79-5C95-4351-8F8D-8B954845DB64}.Release|x64.ActiveCfg = Release|Any CPU
		{F6C24A79-5C95-4351-8F8D-8B954845DB64}.Release|x64.Build.0 = Release|Any CPU
		{F6C24A79-5C95-4351-8F8D-8B954845DB64}.Release|x86.ActiveCfg = Release|Any CPU
		{F6C24A79-5C95-4351-8F8D-8B954845DB64}.Release|x86.Build.0 = Release|Any CPU
		{E6599279-D677-4F65-A050-A4959F7EA63A}.Debug|Any CPU.ActiveCfg = Debug|Any CPU
		{E6599279-D677-4F65-A050-A4959F7EA63A}.Debug|Any CPU.Build.0 = Debug|Any CPU
		{E6599279-D677-4F65-A050-A4959F7EA63A}.Debug|x64.ActiveCfg = Debug|Any CPU
		{E6599279-D677-4F65-A050-A4959F7EA63A}.Debug|x64.Build.0 = Debug|Any CPU
		{E6599279-D677-4F65-A050-A4959F7EA63A}.Debug|x86.ActiveCfg = Debug|Any CPU
		{E6599279-D677-4F65-A050-A4959F7EA63A}.Debug|x86.Build.0 = Debug|Any CPU
		{E6599279-D677-4F65-A050-A4959F7EA63A}.Release|Any CPU.ActiveCfg = Release|Any CPU
		{E6599279-D677-4F65-A050-A4959F7EA63A}.Release|Any CPU.Build.0 = Release|Any CPU
		{E6599279-D677-4F65-A050-A4959F7EA63A}.Release|x64.ActiveCfg = Release|Any CPU
		{E6599279-D677-4F65-A050-A4959F7EA63A}.Release|x64.Build.0 = Release|Any CPU
		{E6599279-D677-4F65-A050-A4959F7EA63A}.Release|x86.ActiveCfg = Release|Any CPU
		{E6599279-D677-4F65-A050-A4959F7EA63A}.Release|x86.Build.0 = Release|Any CPU
		{06E1EEB3-20EC-44F2-BC2A-6A27EEC84846}.Debug|Any CPU.ActiveCfg = Debug|Any CPU
		{06E1EEB3-20EC-44F2-BC2A-6A27EEC84846}.Debug|Any CPU.Build.0 = Debug|Any CPU
		{06E1EEB3-20EC-44F2-BC2A-6A27EEC84846}.Debug|x64.ActiveCfg = Debug|Any CPU
		{06E1EEB3-20EC-44F2-BC2A-6A27EEC84846}.Debug|x64.Build.0 = Debug|Any CPU
		{06E1EEB3-20EC-44F2-BC2A-6A27EEC84846}.Debug|x86.ActiveCfg = Debug|Any CPU
		{06E1EEB3-20EC-44F2-BC2A-6A27EEC84846}.Debug|x86.Build.0 = Debug|Any CPU
		{06E1EEB3-20EC-44F2-BC2A-6A27EEC84846}.Release|Any CPU.ActiveCfg = Release|Any CPU
		{06E1EEB3-20EC-44F2-BC2A-6A27EEC84846}.Release|Any CPU.Build.0 = Release|Any CPU
		{06E1EEB3-20EC-44F2-BC2A-6A27EEC84846}.Release|x64.ActiveCfg = Release|Any CPU
		{06E1EEB3-20EC-44F2-BC2A-6A27EEC84846}.Release|x64.Build.0 = Release|Any CPU
		{06E1EEB3-20EC-44F2-BC2A-6A27EEC84846}.Release|x86.ActiveCfg = Release|Any CPU
		{06E1EEB3-20EC-44F2-BC2A-6A27EEC84846}.Release|x86.Build.0 = Release|Any CPU
		{EDDEB155-45CB-4E3A-A57C-558135CD8841}.Debug|Any CPU.ActiveCfg = Debug|Any CPU
		{EDDEB155-45CB-4E3A-A57C-558135CD8841}.Debug|Any CPU.Build.0 = Debug|Any CPU
		{EDDEB155-45CB-4E3A-A57C-558135CD8841}.Debug|x64.ActiveCfg = Debug|Any CPU
		{EDDEB155-45CB-4E3A-A57C-558135CD8841}.Debug|x64.Build.0 = Debug|Any CPU
		{EDDEB155-45CB-4E3A-A57C-558135CD8841}.Debug|x86.ActiveCfg = Debug|Any CPU
		{EDDEB155-45CB-4E3A-A57C-558135CD8841}.Debug|x86.Build.0 = Debug|Any CPU
		{EDDEB155-45CB-4E3A-A57C-558135CD8841}.Release|Any CPU.ActiveCfg = Release|Any CPU
		{EDDEB155-45CB-4E3A-A57C-558135CD8841}.Release|Any CPU.Build.0 = Release|Any CPU
		{EDDEB155-45CB-4E3A-A57C-558135CD8841}.Release|x64.ActiveCfg = Release|Any CPU
		{EDDEB155-45CB-4E3A-A57C-558135CD8841}.Release|x64.Build.0 = Release|Any CPU
		{EDDEB155-45CB-4E3A-A57C-558135CD8841}.Release|x86.ActiveCfg = Release|Any CPU
		{EDDEB155-45CB-4E3A-A57C-558135CD8841}.Release|x86.Build.0 = Release|Any CPU
		{22DF6CED-5A0B-4BA2-B2B0-AF1494E9290A}.Debug|Any CPU.ActiveCfg = Debug|Any CPU
		{22DF6CED-5A0B-4BA2-B2B0-AF1494E9290A}.Debug|Any CPU.Build.0 = Debug|Any CPU
		{22DF6CED-5A0B-4BA2-B2B0-AF1494E9290A}.Debug|x64.ActiveCfg = Debug|Any CPU
		{22DF6CED-5A0B-4BA2-B2B0-AF1494E9290A}.Debug|x64.Build.0 = Debug|Any CPU
		{22DF6CED-5A0B-4BA2-B2B0-AF1494E9290A}.Debug|x86.ActiveCfg = Debug|Any CPU
		{22DF6CED-5A0B-4BA2-B2B0-AF1494E9290A}.Debug|x86.Build.0 = Debug|Any CPU
		{22DF6CED-5A0B-4BA2-B2B0-AF1494E9290A}.Release|Any CPU.ActiveCfg = Release|Any CPU
		{22DF6CED-5A0B-4BA2-B2B0-AF1494E9290A}.Release|Any CPU.Build.0 = Release|Any CPU
		{22DF6CED-5A0B-4BA2-B2B0-AF1494E9290A}.Release|x64.ActiveCfg = Release|Any CPU
		{22DF6CED-5A0B-4BA2-B2B0-AF1494E9290A}.Release|x64.Build.0 = Release|Any CPU
		{22DF6CED-5A0B-4BA2-B2B0-AF1494E9290A}.Release|x86.ActiveCfg = Release|Any CPU
		{22DF6CED-5A0B-4BA2-B2B0-AF1494E9290A}.Release|x86.Build.0 = Release|Any CPU
		{FA2E2820-15BD-430B-836F-7018FD904CFB}.Debug|Any CPU.ActiveCfg = Debug|Any CPU
		{FA2E2820-15BD-430B-836F-7018FD904CFB}.Debug|Any CPU.Build.0 = Debug|Any CPU
		{FA2E2820-15BD-430B-836F-7018FD904CFB}.Debug|x64.ActiveCfg = Debug|Any CPU
		{FA2E2820-15BD-430B-836F-7018FD904CFB}.Debug|x64.Build.0 = Debug|Any CPU
		{FA2E2820-15BD-430B-836F-7018FD904CFB}.Debug|x86.ActiveCfg = Debug|Any CPU
		{FA2E2820-15BD-430B-836F-7018FD904CFB}.Debug|x86.Build.0 = Debug|Any CPU
		{FA2E2820-15BD-430B-836F-7018FD904CFB}.Release|Any CPU.ActiveCfg = Release|Any CPU
		{FA2E2820-15BD-430B-836F-7018FD904CFB}.Release|Any CPU.Build.0 = Release|Any CPU
		{FA2E2820-15BD-430B-836F-7018FD904CFB}.Release|x64.ActiveCfg = Release|Any CPU
		{FA2E2820-15BD-430B-836F-7018FD904CFB}.Release|x64.Build.0 = Release|Any CPU
		{FA2E2820-15BD-430B-836F-7018FD904CFB}.Release|x86.ActiveCfg = Release|Any CPU
		{FA2E2820-15BD-430B-836F-7018FD904CFB}.Release|x86.Build.0 = Release|Any CPU
	EndGlobalSection
	GlobalSection(SolutionProperties) = preSolution
		HideSolutionNode = FALSE
	EndGlobalSection
	GlobalSection(NestedProjects) = preSolution
		{11D947CE-05E2-41DB-8687-640404E96EF0} = {AD45D555-9437-4244-8151-C538CBCEAE25}
		{549415E4-D6A6-42B0-92B2-B30F6B2700F3} = {AD45D555-9437-4244-8151-C538CBCEAE25}
		{A88CF162-E0EC-4213-9964-543ECA2BEE87} = {AD45D555-9437-4244-8151-C538CBCEAE25}
		{45A8A0DB-029A-4125-A190-C8C93DDD9CF4} = {AD45D555-9437-4244-8151-C538CBCEAE25}
		{62F24CB8-8D6F-4C8F-AE91-B09ABC330F67} = {7BD8590C-E143-40EC-8A72-C2AEAA846612}
		{067F6A75-7DD8-48F9-9C4C-1A34B928A124} = {7BD8590C-E143-40EC-8A72-C2AEAA846612}
		{E6599279-D677-4F65-A050-A4959F7EA63A} = {7BD8590C-E143-40EC-8A72-C2AEAA846612}
		{06E1EEB3-20EC-44F2-BC2A-6A27EEC84846} = {7BD8590C-E143-40EC-8A72-C2AEAA846612}
		{EDDEB155-45CB-4E3A-A57C-558135CD8841} = {7BD8590C-E143-40EC-8A72-C2AEAA846612}
		{22DF6CED-5A0B-4BA2-B2B0-AF1494E9290A} = {7BD8590C-E143-40EC-8A72-C2AEAA846612}
		{FA2E2820-15BD-430B-836F-7018FD904CFB} = {7BD8590C-E143-40EC-8A72-C2AEAA846612}
	EndGlobalSection
	GlobalSection(ExtensibilityGlobals) = postSolution
		SolutionGuid = {E873F527-C780-473E-AB5B-3853975355E9}
	EndGlobalSection
EndGlobal
