
Microsoft Visual Studio Solution File, Format Version 12.00
# Visual Studio Version 16
VisualStudioVersion = 16.0.30128.74
MinimumVisualStudioVersion = 10.0.40219.1
Project("{9A19103F-16F7-4668-BE54-9A1E7A4F7556}") = "Intech.PrevSystem.Sabesprev.Api", "Intech.PrevSystem.Sabesprev.Api\Intech.PrevSystem.Sabesprev.Api.csproj", "{EF5BFA0B-E752-4331-B265-E35F739C55AC}"
EndProject
Project("{2150E333-8FDC-42A3-9474-1A3956D46DE8}") = "Plataforma", "Plataforma", "{AD45D555-9437-4244-8151-C538CBCEAE25}"
EndProject
Project("{D954291E-2A0B-460D-934E-DC6B0785DB48}") = "Intech.PrevSystem.API", "..\Intech.PrevSystem.API\Intech.PrevSystem.API.shproj", "{11D947CE-05E2-41DB-8687-640404E96EF0}"
EndProject
Project("{9A19103F-16F7-4668-BE54-9A1E7A4F7556}") = "Intech.PrevSystem.Entidades", "..\Intech.PrevSystem.Entidades\Intech.PrevSystem.Entidades.csproj", "{45A8A0DB-029A-4125-A190-C8C93DDD9CF4}"
EndProject
Project("{9A19103F-16F7-4668-BE54-9A1E7A4F7556}") = "Intech.PrevSystem.Negocio.Sabesprev", "Intech.PrevSystem.Negocio.Sabesprev\Intech.PrevSystem.Negocio.Sabesprev.csproj", "{F6C24A79-5C95-4351-8F8D-8B954845DB64}"
EndProject
Project("{9A19103F-16F7-4668-BE54-9A1E7A4F7556}") = "Intech.PrevSystem.Dados", "..\Intech.PrevSystem.Dados\Intech.PrevSystem.Dados.csproj", "{A5B52046-762D-4699-B6B8-ED4E691FAEF4}"
EndProject
Project("{9A19103F-16F7-4668-BE54-9A1E7A4F7556}") = "Intech.PrevSystem.Negocio", "..\Intech.PrevSystem.Negocio\Intech.PrevSystem.Negocio.csproj", "{6AB2E716-D644-4767-8CD3-B29A2C8B0499}"
EndProject
Global
	GlobalSection(SharedMSBuildProjectFiles) = preSolution
		..\Intech.PrevSystem.API\Intech.PrevSystem.API.projitems*{11d947ce-05e2-41db-8687-640404e96ef0}*SharedItemsImports = 13
		..\Intech.PrevSystem.API\Intech.PrevSystem.API.projitems*{ef5bfa0b-e752-4331-b265-e35f739c55ac}*SharedItemsImports = 5
	EndGlobalSection
	GlobalSection(SolutionConfigurationPlatforms) = preSolution
		Debug|Any CPU = Debug|Any CPU
		Debug|x64 = Debug|x64
		Debug|x86 = Debug|x86
		Release|Any CPU = Release|Any CPU
		Release|x64 = Release|x64
		Release|x86 = Release|x86
	EndGlobalSection
	GlobalSection(ProjectConfigurationPlatforms) = postSolution
		{EF5BFA0B-E752-4331-B265-E35F739C55AC}.Debug|Any CPU.ActiveCfg = Debug|Any CPU
		{EF5BFA0B-E752-4331-B265-E35F739C55AC}.Debug|Any CPU.Build.0 = Debug|Any CPU
		{EF5BFA0B-E752-4331-B265-E35F739C55AC}.Debug|x64.ActiveCfg = Debug|Any CPU
		{EF5BFA0B-E752-4331-B265-E35F739C55AC}.Debug|x64.Build.0 = Debug|Any CPU
		{EF5BFA0B-E752-4331-B265-E35F739C55AC}.Debug|x86.ActiveCfg = Debug|Any CPU
		{EF5BFA0B-E752-4331-B265-E35F739C55AC}.Debug|x86.Build.0 = Debug|Any CPU
		{EF5BFA0B-E752-4331-B265-E35F739C55AC}.Release|Any CPU.ActiveCfg = Release|Any CPU
		{EF5BFA0B-E752-4331-B265-E35F739C55AC}.Release|Any CPU.Build.0 = Release|Any CPU
		{EF5BFA0B-E752-4331-B265-E35F739C55AC}.Release|x64.ActiveCfg = Release|Any CPU
		{EF5BFA0B-E752-4331-B265-E35F739C55AC}.Release|x64.Build.0 = Release|Any CPU
		{EF5BFA0B-E752-4331-B265-E35F739C55AC}.Release|x86.ActiveCfg = Release|Any CPU
		{EF5BFA0B-E752-4331-B265-E35F739C55AC}.Release|x86.Build.0 = Release|Any CPU
		{45A8A0DB-029A-4125-A190-C8C93DDD9CF4}.Debug|Any CPU.ActiveCfg = Debug|Any CPU
		{45A8A0DB-029A-4125-A190-C8C93DDD9CF4}.Debug|Any CPU.Build.0 = Debug|Any CPU
		{45A8A0DB-029A-4125-A190-C8C93DDD9CF4}.Debug|x64.ActiveCfg = Debug|Any CPU
		{45A8A0DB-029A-4125-A190-C8C93DDD9CF4}.Debug|x64.Build.0 = Debug|Any CPU
		{45A8A0DB-029A-4125-A190-C8C93DDD9CF4}.Debug|x86.ActiveCfg = Debug|Any CPU
		{45A8A0DB-029A-4125-A190-C8C93DDD9CF4}.Debug|x86.Build.0 = Debug|Any CPU
		{45A8A0DB-029A-4125-A190-C8C93DDD9CF4}.Release|Any CPU.ActiveCfg = Release|Any CPU
		{45A8A0DB-029A-4125-A190-C8C93DDD9CF4}.Release|Any CPU.Build.0 = Release|Any CPU
		{45A8A0DB-029A-4125-A190-C8C93DDD9CF4}.Release|x64.ActiveCfg = Release|Any CPU
		{45A8A0DB-029A-4125-A190-C8C93DDD9CF4}.Release|x64.Build.0 = Release|Any CPU
		{45A8A0DB-029A-4125-A190-C8C93DDD9CF4}.Release|x86.ActiveCfg = Release|Any CPU
		{45A8A0DB-029A-4125-A190-C8C93DDD9CF4}.Release|x86.Build.0 = Release|Any CPU
		{F6C24A79-5C95-4351-8F8D-8B954845DB64}.Debug|Any CPU.ActiveCfg = Debug|Any CPU
		{F6C24A79-5C95-4351-8F8D-8B954845DB64}.Debug|Any CPU.Build.0 = Debug|Any CPU
		{F6C24A79-5C95-4351-8F8D-8B954845DB64}.Debug|x64.ActiveCfg = Debug|Any CPU
		{F6C24A79-5C95-4351-8F8D-8B954845DB64}.Debug|x64.Build.0 = Debug|Any CPU
		{F6C24A79-5C95-4351-8F8D-8B954845DB64}.Debug|x86.ActiveCfg = Debug|Any CPU
		{F6C24A79-5C95-4351-8F8D-8B954845DB64}.Debug|x86.Build.0 = Debug|Any CPU
		{F6C24A79-5C95-4351-8F8D-8B954845DB64}.Release|Any CPU.ActiveCfg = Release|Any CPU
		{F6C24A79-5C95-4351-8F8D-8B954845DB64}.Release|Any CPU.Build.0 = Release|Any CPU
		{F6C24A79-5C95-4351-8F8D-8B954845DB64}.Release|x64.ActiveCfg = Release|Any CPU
		{F6C24A79-5C95-4351-8F8D-8B954845DB64}.Release|x64.Build.0 = Release|Any CPU
		{F6C24A79-5C95-4351-8F8D-8B954845DB64}.Release|x86.ActiveCfg = Release|Any CPU
		{F6C24A79-5C95-4351-8F8D-8B954845DB64}.Release|x86.Build.0 = Release|Any CPU
		{A5B52046-762D-4699-B6B8-ED4E691FAEF4}.Debug|Any CPU.ActiveCfg = Debug|Any CPU
		{A5B52046-762D-4699-B6B8-ED4E691FAEF4}.Debug|Any CPU.Build.0 = Debug|Any CPU
		{A5B52046-762D-4699-B6B8-ED4E691FAEF4}.Debug|x64.ActiveCfg = Debug|Any CPU
		{A5B52046-762D-4699-B6B8-ED4E691FAEF4}.Debug|x64.Build.0 = Debug|Any CPU
		{A5B52046-762D-4699-B6B8-ED4E691FAEF4}.Debug|x86.ActiveCfg = Debug|Any CPU
		{A5B52046-762D-4699-B6B8-ED4E691FAEF4}.Debug|x86.Build.0 = Debug|Any CPU
		{A5B52046-762D-4699-B6B8-ED4E691FAEF4}.Release|Any CPU.ActiveCfg = Release|Any CPU
		{A5B52046-762D-4699-B6B8-ED4E691FAEF4}.Release|Any CPU.Build.0 = Release|Any CPU
		{A5B52046-762D-4699-B6B8-ED4E691FAEF4}.Release|x64.ActiveCfg = Release|Any CPU
		{A5B52046-762D-4699-B6B8-ED4E691FAEF4}.Release|x64.Build.0 = Release|Any CPU
		{A5B52046-762D-4699-B6B8-ED4E691FAEF4}.Release|x86.ActiveCfg = Release|Any CPU
		{A5B52046-762D-4699-B6B8-ED4E691FAEF4}.Release|x86.Build.0 = Release|Any CPU
		{6AB2E716-D644-4767-8CD3-B29A2C8B0499}.Debug|Any CPU.ActiveCfg = Debug|Any CPU
		{6AB2E716-D644-4767-8CD3-B29A2C8B0499}.Debug|Any CPU.Build.0 = Debug|Any CPU
		{6AB2E716-D644-4767-8CD3-B29A2C8B0499}.Debug|x64.ActiveCfg = Debug|Any CPU
		{6AB2E716-D644-4767-8CD3-B29A2C8B0499}.Debug|x64.Build.0 = Debug|Any CPU
		{6AB2E716-D644-4767-8CD3-B29A2C8B0499}.Debug|x86.ActiveCfg = Debug|Any CPU
		{6AB2E716-D644-4767-8CD3-B29A2C8B0499}.Debug|x86.Build.0 = Debug|Any CPU
		{6AB2E716-D644-4767-8CD3-B29A2C8B0499}.Release|Any CPU.ActiveCfg = Release|Any CPU
		{6AB2E716-D644-4767-8CD3-B29A2C8B0499}.Release|Any CPU.Build.0 = Release|Any CPU
		{6AB2E716-D644-4767-8CD3-B29A2C8B0499}.Release|x64.ActiveCfg = Release|Any CPU
		{6AB2E716-D644-4767-8CD3-B29A2C8B0499}.Release|x64.Build.0 = Release|Any CPU
		{6AB2E716-D644-4767-8CD3-B29A2C8B0499}.Release|x86.ActiveCfg = Release|Any CPU
		{6AB2E716-D644-4767-8CD3-B29A2C8B0499}.Release|x86.Build.0 = Release|Any CPU
	EndGlobalSection
	GlobalSection(SolutionProperties) = preSolution
		HideSolutionNode = FALSE
	EndGlobalSection
	GlobalSection(NestedProjects) = preSolution
		{11D947CE-05E2-41DB-8687-640404E96EF0} = {AD45D555-9437-4244-8151-C538CBCEAE25}
		{45A8A0DB-029A-4125-A190-C8C93DDD9CF4} = {AD45D555-9437-4244-8151-C538CBCEAE25}
		{A5B52046-762D-4699-B6B8-ED4E691FAEF4} = {AD45D555-9437-4244-8151-C538CBCEAE25}
		{6AB2E716-D644-4767-8CD3-B29A2C8B0499} = {AD45D555-9437-4244-8151-C538CBCEAE25}
	EndGlobalSection
	GlobalSection(ExtensibilityGlobals) = postSolution
		SolutionGuid = {E873F527-C780-473E-AB5B-3853975355E9}
	EndGlobalSection
EndGlobal
