
Microsoft Visual Studio Solution File, Format Version 12.00
# Visual Studio 15
VisualStudioVersion = 15.0.27428.2015
MinimumVisualStudioVersion = 10.0.40219.1
Project("{2150E333-8FDC-42A3-9474-1A3956D46DE8}") = "Lib", "Lib", "{21687429-A304-4972-B896-2351ADEE62A0}"
EndProject
Project("{2150E333-8FDC-42A3-9474-1A3956D46DE8}") = "Plataforma", "Plataforma", "{172194DB-A8AA-487C-A235-3FBD9B8396D1}"
EndProject
Project("{2150E333-8FDC-42A3-9474-1A3956D46DE8}") = "Web", "Web", "{4A1FA9C7-D49C-4306-82E0-7A38E307915D}"
EndProject
Project("{D954291E-2A0B-460D-934E-DC6B0785DB48}") = "Intech.PrevSystem.Dados", "..\Intech.PrevSystem.Dados\Intech.PrevSystem.Dados.shproj", "{549415E4-D6A6-42B0-92B2-B30F6B2700F3}"
EndProject
Project("{D954291E-2A0B-460D-934E-DC6B0785DB48}") = "Intech.PrevSystem.Negocio", "..\Intech.PrevSystem.Negocio\Intech.PrevSystem.Negocio.shproj", "{A88CF162-E0EC-4213-9964-543ECA2BEE87}"
EndProject
Project("{D954291E-2A0B-460D-934E-DC6B0785DB48}") = "Intech.PrevSystem.Preves.Negocio", "Intech.PrevSystem.Preves.Negocio\Intech.PrevSystem.Preves.Negocio.shproj", "{FC341C41-D378-4EEB-A277-9EE4F0AE229B}"
EndProject
Project("{9A19103F-16F7-4668-BE54-9A1E7A4F7556}") = "Intech.PrevSystem.Preves.API", "Intech.PrevSystem.Preves.API\Intech.PrevSystem.Preves.API.csproj", "{55315370-262A-433C-BE4F-F48EECE3F648}"
EndProject
Project("{D954291E-2A0B-460D-934E-DC6B0785DB48}") = "Intech.PrevSystem.API", "..\Intech.PrevSystem.API\Intech.PrevSystem.API.shproj", "{11D947CE-05E2-41DB-8687-640404E96EF0}"
EndProject
Project("{9A19103F-16F7-4668-BE54-9A1E7A4F7556}") = "Intech.Lib.Dapper", "..\..\Intech.Lib\Intech.Lib.Dapper\Intech.Lib.Dapper.csproj", "{A9A7A500-9541-435D-A954-B8D7314C0E84}"
EndProject
Project("{9A19103F-16F7-4668-BE54-9A1E7A4F7556}") = "Intech.Lib.Util", "..\..\Intech.Lib\Intech.Lib.Util\Intech.Lib.Util.csproj", "{80A57A73-A7FC-467B-AD6C-FDB92896D931}"
EndProject
Project("{9A19103F-16F7-4668-BE54-9A1E7A4F7556}") = "Intech.Lib.Web", "..\..\Intech.Lib\Intech.Lib.Web\Intech.Lib.Web.csproj", "{ACA79C37-5039-4FE1-ACB5-5B468EC2E80F}"
EndProject
Project("{9A19103F-16F7-4668-BE54-9A1E7A4F7556}") = "Intech.Lib.JWT", "..\..\Intech.Lib\Intech.Lib.JWT\Intech.Lib.JWT.csproj", "{4A1BE8B1-2339-47D3-AA21-A1B471CF90CB}"
EndProject
Project("{9A19103F-16F7-4668-BE54-9A1E7A4F7556}") = "Intech.Lib.Email", "..\..\Intech.Lib\Intech.Lib.Email\Intech.Lib.Email.csproj", "{1E966730-8260-4764-9712-B4816FB3830D}"
EndProject
Project("{9A19103F-16F7-4668-BE54-9A1E7A4F7556}") = "Intech.PrevSystem.Entidades", "..\Intech.PrevSystem.Entidades\Intech.PrevSystem.Entidades.csproj", "{B7653D12-7D61-4012-ADFA-E806051ECDDE}"
EndProject
Global
	GlobalSection(SharedMSBuildProjectFiles) = preSolution
		..\Intech.PrevSystem.API\Intech.PrevSystem.API.projitems*{11d947ce-05e2-41db-8687-640404e96ef0}*SharedItemsImports = 13
		..\Intech.PrevSystem.Dados\Intech.PrevSystem.Dados.projitems*{549415e4-d6a6-42b0-92b2-b30f6b2700f3}*SharedItemsImports = 13
		..\Intech.PrevSystem.Negocio\Intech.PrevSystem.Negocio.projitems*{a88cf162-e0ec-4213-9964-543eca2bee87}*SharedItemsImports = 13
		Intech.PrevSystem.Preves.Negocio\Intech.PrevSystem.Preves.Negocio.projitems*{fc341c41-d378-4eeb-a277-9ee4f0ae229b}*SharedItemsImports = 13
	EndGlobalSection
	GlobalSection(SolutionConfigurationPlatforms) = preSolution
		Debug|Any CPU = Debug|Any CPU
		Release|Any CPU = Release|Any CPU
	EndGlobalSection
	GlobalSection(ProjectConfigurationPlatforms) = postSolution
		{55315370-262A-433C-BE4F-F48EECE3F648}.Debug|Any CPU.ActiveCfg = Debug|Any CPU
		{55315370-262A-433C-BE4F-F48EECE3F648}.Debug|Any CPU.Build.0 = Debug|Any CPU
		{55315370-262A-433C-BE4F-F48EECE3F648}.Release|Any CPU.ActiveCfg = Release|Any CPU
		{55315370-262A-433C-BE4F-F48EECE3F648}.Release|Any CPU.Build.0 = Release|Any CPU
		{A9A7A500-9541-435D-A954-B8D7314C0E84}.Debug|Any CPU.ActiveCfg = Debug|Any CPU
		{A9A7A500-9541-435D-A954-B8D7314C0E84}.Debug|Any CPU.Build.0 = Debug|Any CPU
		{A9A7A500-9541-435D-A954-B8D7314C0E84}.Release|Any CPU.ActiveCfg = Release|Any CPU
		{A9A7A500-9541-435D-A954-B8D7314C0E84}.Release|Any CPU.Build.0 = Release|Any CPU
		{80A57A73-A7FC-467B-AD6C-FDB92896D931}.Debug|Any CPU.ActiveCfg = Debug|Any CPU
		{80A57A73-A7FC-467B-AD6C-FDB92896D931}.Debug|Any CPU.Build.0 = Debug|Any CPU
		{80A57A73-A7FC-467B-AD6C-FDB92896D931}.Release|Any CPU.ActiveCfg = Release|Any CPU
		{80A57A73-A7FC-467B-AD6C-FDB92896D931}.Release|Any CPU.Build.0 = Release|Any CPU
		{ACA79C37-5039-4FE1-ACB5-5B468EC2E80F}.Debug|Any CPU.ActiveCfg = Debug|Any CPU
		{ACA79C37-5039-4FE1-ACB5-5B468EC2E80F}.Debug|Any CPU.Build.0 = Debug|Any CPU
		{ACA79C37-5039-4FE1-ACB5-5B468EC2E80F}.Release|Any CPU.ActiveCfg = Release|Any CPU
		{ACA79C37-5039-4FE1-ACB5-5B468EC2E80F}.Release|Any CPU.Build.0 = Release|Any CPU
		{4A1BE8B1-2339-47D3-AA21-A1B471CF90CB}.Debug|Any CPU.ActiveCfg = Debug|Any CPU
		{4A1BE8B1-2339-47D3-AA21-A1B471CF90CB}.Debug|Any CPU.Build.0 = Debug|Any CPU
		{4A1BE8B1-2339-47D3-AA21-A1B471CF90CB}.Release|Any CPU.ActiveCfg = Release|Any CPU
		{4A1BE8B1-2339-47D3-AA21-A1B471CF90CB}.Release|Any CPU.Build.0 = Release|Any CPU
		{1E966730-8260-4764-9712-B4816FB3830D}.Debug|Any CPU.ActiveCfg = Debug|Any CPU
		{1E966730-8260-4764-9712-B4816FB3830D}.Debug|Any CPU.Build.0 = Debug|Any CPU
		{1E966730-8260-4764-9712-B4816FB3830D}.Release|Any CPU.ActiveCfg = Release|Any CPU
		{1E966730-8260-4764-9712-B4816FB3830D}.Release|Any CPU.Build.0 = Release|Any CPU
		{B7653D12-7D61-4012-ADFA-E806051ECDDE}.Debug|Any CPU.ActiveCfg = Debug|Any CPU
		{B7653D12-7D61-4012-ADFA-E806051ECDDE}.Debug|Any CPU.Build.0 = Debug|Any CPU
		{B7653D12-7D61-4012-ADFA-E806051ECDDE}.Release|Any CPU.ActiveCfg = Release|Any CPU
		{B7653D12-7D61-4012-ADFA-E806051ECDDE}.Release|Any CPU.Build.0 = Release|Any CPU
	EndGlobalSection
	GlobalSection(SolutionProperties) = preSolution
		HideSolutionNode = FALSE
	EndGlobalSection
	GlobalSection(NestedProjects) = preSolution
		{549415E4-D6A6-42B0-92B2-B30F6B2700F3} = {172194DB-A8AA-487C-A235-3FBD9B8396D1}
		{A88CF162-E0EC-4213-9964-543ECA2BEE87} = {172194DB-A8AA-487C-A235-3FBD9B8396D1}
		{FC341C41-D378-4EEB-A277-9EE4F0AE229B} = {172194DB-A8AA-487C-A235-3FBD9B8396D1}
		{55315370-262A-433C-BE4F-F48EECE3F648} = {4A1FA9C7-D49C-4306-82E0-7A38E307915D}
		{11D947CE-05E2-41DB-8687-640404E96EF0} = {172194DB-A8AA-487C-A235-3FBD9B8396D1}
		{A9A7A500-9541-435D-A954-B8D7314C0E84} = {21687429-A304-4972-B896-2351ADEE62A0}
		{80A57A73-A7FC-467B-AD6C-FDB92896D931} = {21687429-A304-4972-B896-2351ADEE62A0}
		{ACA79C37-5039-4FE1-ACB5-5B468EC2E80F} = {21687429-A304-4972-B896-2351ADEE62A0}
		{4A1BE8B1-2339-47D3-AA21-A1B471CF90CB} = {21687429-A304-4972-B896-2351ADEE62A0}
		{1E966730-8260-4764-9712-B4816FB3830D} = {21687429-A304-4972-B896-2351ADEE62A0}
		{B7653D12-7D61-4012-ADFA-E806051ECDDE} = {172194DB-A8AA-487C-A235-3FBD9B8396D1}
	EndGlobalSection
	GlobalSection(ExtensibilityGlobals) = postSolution
		SolutionGuid = {B6A3DA39-0AE8-41D5-A569-0B608B62BFF4}
	EndGlobalSection
EndGlobal
