
Microsoft Visual Studio Solution File, Format Version 12.00
# Visual Studio Version 16
VisualStudioVersion = 16.0.30907.101
MinimumVisualStudioVersion = 10.0.40219.1
Project("{9A19103F-16F7-4668-BE54-9A1E7A4F7556}") = "Intech.PrevSystem.Metrus.API", "Intech.PrevSystem.Metrus.API\Intech.PrevSystem.Metrus.API.csproj", "{1A3AA0E5-84C2-448E-BFB6-F0541E2750CA}"
EndProject
Project("{2150E333-8FDC-42A3-9474-1A3956D46DE8}") = "Plataforma", "Plataforma", "{BB1DD041-0A7D-4EA2-9065-9FE9210CA00A}"
EndProject
Project("{D954291E-2A0B-460D-934E-DC6B0785DB48}") = "Intech.PrevSystem.API", "..\Intech.PrevSystem.API\Intech.PrevSystem.API.shproj", "{11D947CE-05E2-41DB-8687-640404E96EF0}"
EndProject
Project("{D954291E-2A0B-460D-934E-DC6B0785DB48}") = "Intech.PrevSystem.Metrus.Negocio", "Intech.PrevSystem.Metrus.Negocio\Intech.PrevSystem.Metrus.Negocio.shproj", "{EB3A7BF4-56C9-4F10-9B01-227B39DE50AD}"
EndProject
Project("{9A19103F-16F7-4668-BE54-9A1E7A4F7556}") = "Intech.PrevSystem.Entidades", "..\Intech.PrevSystem.Entidades\Intech.PrevSystem.Entidades.csproj", "{99B1C9A3-91EC-4564-A844-76E4330C2FAD}"
EndProject
Project("{9A19103F-16F7-4668-BE54-9A1E7A4F7556}") = "Intech.PrevSystem.Dados", "..\Intech.PrevSystem.Dados\Intech.PrevSystem.Dados.csproj", "{D44B45DD-A2B1-457D-A775-BE6020869AC1}"
EndProject
Project("{9A19103F-16F7-4668-BE54-9A1E7A4F7556}") = "Intech.PrevSystem.Negocio", "..\Intech.PrevSystem.Negocio\Intech.PrevSystem.Negocio.csproj", "{23B3621B-E3E3-4554-962C-4155EDB9E04B}"
EndProject
Project("{9A19103F-16F7-4668-BE54-9A1E7A4F7556}") = "Intech.PrevSystem.Metrus", "Intech.PrevSystem.Metrus\Intech.PrevSystem.Metrus.csproj", "{E59D59BA-316F-44D6-BD56-67DB59667430}"
EndProject
Global
	GlobalSection(SharedMSBuildProjectFiles) = preSolution
		..\Intech.PrevSystem.API\Intech.PrevSystem.API.projitems*{11d947ce-05e2-41db-8687-640404e96ef0}*SharedItemsImports = 13
		..\Intech.PrevSystem.API\Intech.PrevSystem.API.projitems*{1a3aa0e5-84c2-448e-bfb6-f0541e2750ca}*SharedItemsImports = 5
		Intech.PrevSystem.Metrus.Negocio\Intech.PrevSystem.Metrus.Negocio.projitems*{1a3aa0e5-84c2-448e-bfb6-f0541e2750ca}*SharedItemsImports = 5
		Intech.PrevSystem.Metrus.Negocio\Intech.PrevSystem.Metrus.Negocio.projitems*{eb3a7bf4-56c9-4f10-9b01-227b39de50ad}*SharedItemsImports = 13
	EndGlobalSection
	GlobalSection(SolutionConfigurationPlatforms) = preSolution
		Debug|Any CPU = Debug|Any CPU
		Release|Any CPU = Release|Any CPU
	EndGlobalSection
	GlobalSection(ProjectConfigurationPlatforms) = postSolution
		{1A3AA0E5-84C2-448E-BFB6-F0541E2750CA}.Debug|Any CPU.ActiveCfg = Debug|Any CPU
		{1A3AA0E5-84C2-448E-BFB6-F0541E2750CA}.Debug|Any CPU.Build.0 = Debug|Any CPU
		{1A3AA0E5-84C2-448E-BFB6-F0541E2750CA}.Release|Any CPU.ActiveCfg = Release|Any CPU
		{1A3AA0E5-84C2-448E-BFB6-F0541E2750CA}.Release|Any CPU.Build.0 = Release|Any CPU
		{99B1C9A3-91EC-4564-A844-76E4330C2FAD}.Debug|Any CPU.ActiveCfg = Debug|Any CPU
		{99B1C9A3-91EC-4564-A844-76E4330C2FAD}.Debug|Any CPU.Build.0 = Debug|Any CPU
		{99B1C9A3-91EC-4564-A844-76E4330C2FAD}.Release|Any CPU.ActiveCfg = Release|Any CPU
		{99B1C9A3-91EC-4564-A844-76E4330C2FAD}.Release|Any CPU.Build.0 = Release|Any CPU
		{D44B45DD-A2B1-457D-A775-BE6020869AC1}.Debug|Any CPU.ActiveCfg = Debug|Any CPU
		{D44B45DD-A2B1-457D-A775-BE6020869AC1}.Debug|Any CPU.Build.0 = Debug|Any CPU
		{D44B45DD-A2B1-457D-A775-BE6020869AC1}.Release|Any CPU.ActiveCfg = Release|Any CPU
		{D44B45DD-A2B1-457D-A775-BE6020869AC1}.Release|Any CPU.Build.0 = Release|Any CPU
		{23B3621B-E3E3-4554-962C-4155EDB9E04B}.Debug|Any CPU.ActiveCfg = Debug|Any CPU
		{23B3621B-E3E3-4554-962C-4155EDB9E04B}.Debug|Any CPU.Build.0 = Debug|Any CPU
		{23B3621B-E3E3-4554-962C-4155EDB9E04B}.Release|Any CPU.ActiveCfg = Release|Any CPU
		{23B3621B-E3E3-4554-962C-4155EDB9E04B}.Release|Any CPU.Build.0 = Release|Any CPU
		{E59D59BA-316F-44D6-BD56-67DB59667430}.Debug|Any CPU.ActiveCfg = Debug|Any CPU
		{E59D59BA-316F-44D6-BD56-67DB59667430}.Debug|Any CPU.Build.0 = Debug|Any CPU
		{E59D59BA-316F-44D6-BD56-67DB59667430}.Release|Any CPU.ActiveCfg = Release|Any CPU
		{E59D59BA-316F-44D6-BD56-67DB59667430}.Release|Any CPU.Build.0 = Release|Any CPU
	EndGlobalSection
	GlobalSection(SolutionProperties) = preSolution
		HideSolutionNode = FALSE
	EndGlobalSection
	GlobalSection(NestedProjects) = preSolution
		{11D947CE-05E2-41DB-8687-640404E96EF0} = {BB1DD041-0A7D-4EA2-9065-9FE9210CA00A}
		{99B1C9A3-91EC-4564-A844-76E4330C2FAD} = {BB1DD041-0A7D-4EA2-9065-9FE9210CA00A}
		{D44B45DD-A2B1-457D-A775-BE6020869AC1} = {BB1DD041-0A7D-4EA2-9065-9FE9210CA00A}
		{23B3621B-E3E3-4554-962C-4155EDB9E04B} = {BB1DD041-0A7D-4EA2-9065-9FE9210CA00A}
	EndGlobalSection
	GlobalSection(ExtensibilityGlobals) = postSolution
		SolutionGuid = {DAC7F557-E677-4D43-81D9-55AA26F3A292}
	EndGlobalSection
EndGlobal
