
Microsoft Visual Studio Solution File, Format Version 12.00
# Visual Studio 15
VisualStudioVersion = 15.0.27703.2035
MinimumVisualStudioVersion = 10.0.40219.1
Project("{9A19103F-16F7-4668-BE54-9A1E7A4F7556}") = "Intech.PrevSystem.Metrus.API", "Intech.PrevSystem.Metrus.API\Intech.PrevSystem.Metrus.API.csproj", "{1A3AA0E5-84C2-448E-BFB6-F0541E2750CA}"
EndProject
Project("{2150E333-8FDC-42A3-9474-1A3956D46DE8}") = "Lib", "Lib", "{4EC6CFEC-13AD-405B-B67B-59E20724815E}"
EndProject
Project("{2150E333-8FDC-42A3-9474-1A3956D46DE8}") = "Plataforma", "Plataforma", "{BB1DD041-0A7D-4EA2-9065-9FE9210CA00A}"
EndProject
Project("{D954291E-2A0B-460D-934E-DC6B0785DB48}") = "Intech.PrevSystem.API", "..\Intech.PrevSystem.API\Intech.PrevSystem.API.shproj", "{11D947CE-05E2-41DB-8687-640404E96EF0}"
EndProject
Project("{D954291E-2A0B-460D-934E-DC6B0785DB48}") = "Intech.PrevSystem.Metrus.Negocio", "Intech.PrevSystem.Metrus.Negocio\Intech.PrevSystem.Metrus.Negocio.shproj", "{EB3A7BF4-56C9-4F10-9B01-227B39DE50AD}"
EndProject
Project("{9A19103F-16F7-4668-BE54-9A1E7A4F7556}") = "Intech.PrevSystem.Entidades", "..\Intech.PrevSystem.Entidades\Intech.PrevSystem.Entidades.csproj", "{99B1C9A3-91EC-4564-A844-76E4330C2FAD}"
EndProject
Project("{9A19103F-16F7-4668-BE54-9A1E7A4F7556}") = "Intech.Lib.Util", "..\..\Intech.Lib\Intech.Lib.Util\Intech.Lib.Util.csproj", "{031E1BF2-3942-44B4-A365-E739DCAC2395}"
EndProject
Project("{9A19103F-16F7-4668-BE54-9A1E7A4F7556}") = "Intech.Lib.Email", "..\..\Intech.Lib\Intech.Lib.Email\Intech.Lib.Email.csproj", "{9BED0CAD-7F5C-49AB-BD20-09C729EA0185}"
EndProject
Project("{9A19103F-16F7-4668-BE54-9A1E7A4F7556}") = "Intech.Lib.Dapper", "..\..\Intech.Lib\Intech.Lib.Dapper\Intech.Lib.Dapper.csproj", "{ADF4ADC4-98F3-40F9-B000-B85C76FE6664}"
EndProject
Project("{9A19103F-16F7-4668-BE54-9A1E7A4F7556}") = "Intech.Lib.Web", "..\..\Intech.Lib\Intech.Lib.Web\Intech.Lib.Web.csproj", "{56C9E044-C182-41FE-BFEE-7CCB9A79095D}"
EndProject
Project("{9A19103F-16F7-4668-BE54-9A1E7A4F7556}") = "Intech.PrevSystem.Dados", "..\Intech.PrevSystem.Dados\Intech.PrevSystem.Dados.csproj", "{D44B45DD-A2B1-457D-A775-BE6020869AC1}"
EndProject
Project("{9A19103F-16F7-4668-BE54-9A1E7A4F7556}") = "Intech.PrevSystem.Negocio", "..\Intech.PrevSystem.Negocio\Intech.PrevSystem.Negocio.csproj", "{23B3621B-E3E3-4554-962C-4155EDB9E04B}"
EndProject
Project("{9A19103F-16F7-4668-BE54-9A1E7A4F7556}") = "Intech.Lib.JWT", "..\..\Intech.Lib\Intech.Lib.JWT\Intech.Lib.JWT.csproj", "{5F9A28A9-B33E-4122-B261-A81A2060934D}"
EndProject
Global
	GlobalSection(SharedMSBuildProjectFiles) = preSolution
		..\Intech.PrevSystem.API\Intech.PrevSystem.API.projitems*{11d947ce-05e2-41db-8687-640404e96ef0}*SharedItemsImports = 13
		Intech.PrevSystem.Metrus.Negocio\Intech.PrevSystem.Metrus.Negocio.projitems*{eb3a7bf4-56c9-4f10-9b01-227b39de50ad}*SharedItemsImports = 13
	EndGlobalSection
	GlobalSection(SolutionConfigurationPlatforms) = preSolution
		Debug|Any CPU = Debug|Any CPU
		Release|Any CPU = Release|Any CPU
	EndGlobalSection
	GlobalSection(ProjectConfigurationPlatforms) = postSolution
		{1A3AA0E5-84C2-448E-BFB6-F0541E2750CA}.Debug|Any CPU.ActiveCfg = Debug|Any CPU
		{1A3AA0E5-84C2-448E-BFB6-F0541E2750CA}.Debug|Any CPU.Build.0 = Debug|Any CPU
		{1A3AA0E5-84C2-448E-BFB6-F0541E2750CA}.Release|Any CPU.ActiveCfg = Release|Any CPU
		{1A3AA0E5-84C2-448E-BFB6-F0541E2750CA}.Release|Any CPU.Build.0 = Release|Any CPU
		{99B1C9A3-91EC-4564-A844-76E4330C2FAD}.Debug|Any CPU.ActiveCfg = Debug|Any CPU
		{99B1C9A3-91EC-4564-A844-76E4330C2FAD}.Debug|Any CPU.Build.0 = Debug|Any CPU
		{99B1C9A3-91EC-4564-A844-76E4330C2FAD}.Release|Any CPU.ActiveCfg = Release|Any CPU
		{99B1C9A3-91EC-4564-A844-76E4330C2FAD}.Release|Any CPU.Build.0 = Release|Any CPU
		{031E1BF2-3942-44B4-A365-E739DCAC2395}.Debug|Any CPU.ActiveCfg = Debug|Any CPU
		{031E1BF2-3942-44B4-A365-E739DCAC2395}.Debug|Any CPU.Build.0 = Debug|Any CPU
		{031E1BF2-3942-44B4-A365-E739DCAC2395}.Release|Any CPU.ActiveCfg = Release|Any CPU
		{031E1BF2-3942-44B4-A365-E739DCAC2395}.Release|Any CPU.Build.0 = Release|Any CPU
		{9BED0CAD-7F5C-49AB-BD20-09C729EA0185}.Debug|Any CPU.ActiveCfg = Debug|Any CPU
		{9BED0CAD-7F5C-49AB-BD20-09C729EA0185}.Debug|Any CPU.Build.0 = Debug|Any CPU
		{9BED0CAD-7F5C-49AB-BD20-09C729EA0185}.Release|Any CPU.ActiveCfg = Release|Any CPU
		{9BED0CAD-7F5C-49AB-BD20-09C729EA0185}.Release|Any CPU.Build.0 = Release|Any CPU
		{ADF4ADC4-98F3-40F9-B000-B85C76FE6664}.Debug|Any CPU.ActiveCfg = Debug|Any CPU
		{ADF4ADC4-98F3-40F9-B000-B85C76FE6664}.Debug|Any CPU.Build.0 = Debug|Any CPU
		{ADF4ADC4-98F3-40F9-B000-B85C76FE6664}.Release|Any CPU.ActiveCfg = Release|Any CPU
		{ADF4ADC4-98F3-40F9-B000-B85C76FE6664}.Release|Any CPU.Build.0 = Release|Any CPU
		{56C9E044-C182-41FE-BFEE-7CCB9A79095D}.Debug|Any CPU.ActiveCfg = Debug|Any CPU
		{56C9E044-C182-41FE-BFEE-7CCB9A79095D}.Debug|Any CPU.Build.0 = Debug|Any CPU
		{56C9E044-C182-41FE-BFEE-7CCB9A79095D}.Release|Any CPU.ActiveCfg = Release|Any CPU
		{56C9E044-C182-41FE-BFEE-7CCB9A79095D}.Release|Any CPU.Build.0 = Release|Any CPU
		{D44B45DD-A2B1-457D-A775-BE6020869AC1}.Debug|Any CPU.ActiveCfg = Debug|Any CPU
		{D44B45DD-A2B1-457D-A775-BE6020869AC1}.Debug|Any CPU.Build.0 = Debug|Any CPU
		{D44B45DD-A2B1-457D-A775-BE6020869AC1}.Release|Any CPU.ActiveCfg = Release|Any CPU
		{D44B45DD-A2B1-457D-A775-BE6020869AC1}.Release|Any CPU.Build.0 = Release|Any CPU
		{23B3621B-E3E3-4554-962C-4155EDB9E04B}.Debug|Any CPU.ActiveCfg = Debug|Any CPU
		{23B3621B-E3E3-4554-962C-4155EDB9E04B}.Debug|Any CPU.Build.0 = Debug|Any CPU
		{23B3621B-E3E3-4554-962C-4155EDB9E04B}.Release|Any CPU.ActiveCfg = Release|Any CPU
		{23B3621B-E3E3-4554-962C-4155EDB9E04B}.Release|Any CPU.Build.0 = Release|Any CPU
		{5F9A28A9-B33E-4122-B261-A81A2060934D}.Debug|Any CPU.ActiveCfg = Debug|Any CPU
		{5F9A28A9-B33E-4122-B261-A81A2060934D}.Debug|Any CPU.Build.0 = Debug|Any CPU
		{5F9A28A9-B33E-4122-B261-A81A2060934D}.Release|Any CPU.ActiveCfg = Release|Any CPU
		{5F9A28A9-B33E-4122-B261-A81A2060934D}.Release|Any CPU.Build.0 = Release|Any CPU
	EndGlobalSection
	GlobalSection(SolutionProperties) = preSolution
		HideSolutionNode = FALSE
	EndGlobalSection
	GlobalSection(NestedProjects) = preSolution
		{11D947CE-05E2-41DB-8687-640404E96EF0} = {BB1DD041-0A7D-4EA2-9065-9FE9210CA00A}
		{EB3A7BF4-56C9-4F10-9B01-227B39DE50AD} = {BB1DD041-0A7D-4EA2-9065-9FE9210CA00A}
		{99B1C9A3-91EC-4564-A844-76E4330C2FAD} = {BB1DD041-0A7D-4EA2-9065-9FE9210CA00A}
		{031E1BF2-3942-44B4-A365-E739DCAC2395} = {4EC6CFEC-13AD-405B-B67B-59E20724815E}
		{9BED0CAD-7F5C-49AB-BD20-09C729EA0185} = {4EC6CFEC-13AD-405B-B67B-59E20724815E}
		{ADF4ADC4-98F3-40F9-B000-B85C76FE6664} = {4EC6CFEC-13AD-405B-B67B-59E20724815E}
		{56C9E044-C182-41FE-BFEE-7CCB9A79095D} = {4EC6CFEC-13AD-405B-B67B-59E20724815E}
		{D44B45DD-A2B1-457D-A775-BE6020869AC1} = {BB1DD041-0A7D-4EA2-9065-9FE9210CA00A}
		{23B3621B-E3E3-4554-962C-4155EDB9E04B} = {BB1DD041-0A7D-4EA2-9065-9FE9210CA00A}
		{5F9A28A9-B33E-4122-B261-A81A2060934D} = {4EC6CFEC-13AD-405B-B67B-59E20724815E}
	EndGlobalSection
	GlobalSection(ExtensibilityGlobals) = postSolution
		SolutionGuid = {DAC7F557-E677-4D43-81D9-55AA26F3A292}
	EndGlobalSection
EndGlobal
